
Microsoft Visual Studio Solution File, Format Version 12.00
# Visual Studio Version 17
VisualStudioVersion = 17.8.34511.84
MinimumVisualStudioVersion = 10.0.40219.1
Project("{9A19103F-16F7-4668-BE54-9A1E7A4F7556}") = "BulkyBookWeb", "BulkyWeb\BulkyBookWeb.csproj", "{06894F07-A3BF-4CAE-B7D0-9403249BB4E5}"
EndProject
Project("{9A19103F-16F7-4668-BE54-9A1E7A4F7556}") = "BulkyBook.DataAccess", "Bulky.DataAccess\BulkyBook.DataAccess.csproj", "{FB0CCF59-37E0-46E9-9E79-D88DDABFB83C}"
EndProject
Project("{9A19103F-16F7-4668-BE54-9A1E7A4F7556}") = "BulkyBook.Models", "Bulky.Models\BulkyBook.Models.csproj", "{7271A603-6D87-464E-BC86-957D6E894C39}"
EndProject
Project("{9A19103F-16F7-4668-BE54-9A1E7A4F7556}") = "BulkyBook.Utility", "Bulky.Utility\BulkyBook.Utility.csproj", "{C748FF8F-29F4-4E42-BC7C-D64B8313E1AA}"
EndProject
Global
	GlobalSection(SolutionConfigurationPlatforms) = preSolution
		Debug|Any CPU = Debug|Any CPU
		Release|Any CPU = Release|Any CPU
	EndGlobalSection
	GlobalSection(ProjectConfigurationPlatforms) = postSolution
		{06894F07-A3BF-4CAE-B7D0-9403249BB4E5}.Debug|Any CPU.ActiveCfg = Debug|Any CPU
		{06894F07-A3BF-4CAE-B7D0-9403249BB4E5}.Debug|Any CPU.Build.0 = Debug|Any CPU
		{06894F07-A3BF-4CAE-B7D0-9403249BB4E5}.Release|Any CPU.ActiveCfg = Release|Any CPU
		{06894F07-A3BF-4CAE-B7D0-9403249BB4E5}.Release|Any CPU.Build.0 = Release|Any CPU
		{FB0CCF59-37E0-46E9-9E79-D88DDABFB83C}.Debug|Any CPU.ActiveCfg = Debug|Any CPU
		{FB0CCF59-37E0-46E9-9E79-D88DDABFB83C}.Debug|Any CPU.Build.0 = Debug|Any CPU
		{FB0CCF59-37E0-46E9-9E79-D88DDABFB83C}.Release|Any CPU.ActiveCfg = Release|Any CPU
		{FB0CCF59-37E0-46E9-9E79-D88DDABFB83C}.Release|Any CPU.Build.0 = Release|Any CPU
		{7271A603-6D87-464E-BC86-957D6E894C39}.Debug|Any CPU.ActiveCfg = Debug|Any CPU
		{7271A603-6D87-464E-BC86-957D6E894C39}.Debug|Any CPU.Build.0 = Debug|Any CPU
		{7271A603-6D87-464E-BC86-957D6E894C39}.Release|Any CPU.ActiveCfg = Release|Any CPU
		{7271A603-6D87-464E-BC86-957D6E894C39}.Release|Any CPU.Build.0 = Release|Any CPU
		{C748FF8F-29F4-4E42-BC7C-D64B8313E1AA}.Debug|Any CPU.ActiveCfg = Debug|Any CPU
		{C748FF8F-29F4-4E42-BC7C-D64B8313E1AA}.Debug|Any CPU.Build.0 = Debug|Any CPU
		{C748FF8F-29F4-4E42-BC7C-D64B8313E1AA}.Release|Any CPU.ActiveCfg = Release|Any CPU
		{C748FF8F-29F4-4E42-BC7C-D64B8313E1AA}.Release|Any CPU.Build.0 = Release|Any CPU
	EndGlobalSection
	GlobalSection(SolutionProperties) = preSolution
		HideSolutionNode = FALSE
	EndGlobalSection
	GlobalSection(ExtensibilityGlobals) = postSolution
		SolutionGuid = {16A5E9D5-A758-4D77-9506-D050516F4D6D}
	EndGlobalSection
EndGlobal
